
Microsoft Visual Studio Solution File, Format Version 12.00
# Visual Studio Version 16
VisualStudioVersion = 16.0.31729.503
MinimumVisualStudioVersion = 10.0.40219.1
Project("{FAE04EC0-301F-11D3-BF4B-00C04F79EFBC}") = "Projeto3Camadas", "Projeto3Camadas.csproj", "{DC2B0A6B-53A0-4C8E-8BE0-3A5BE7675742}"
EndProject
Global
	GlobalSection(SolutionConfigurationPlatforms) = preSolution
		Debug|Any CPU = Debug|Any CPU
		Release|Any CPU = Release|Any CPU
	EndGlobalSection
	GlobalSection(ProjectConfigurationPlatforms) = postSolution
		{DC2B0A6B-53A0-4C8E-8BE0-3A5BE7675742}.Debug|Any CPU.ActiveCfg = Debug|Any CPU
		{DC2B0A6B-53A0-4C8E-8BE0-3A5BE7675742}.Debug|Any CPU.Build.0 = Debug|Any CPU
		{DC2B0A6B-53A0-4C8E-8BE0-3A5BE7675742}.Release|Any CPU.ActiveCfg = Release|Any CPU
		{DC2B0A6B-53A0-4C8E-8BE0-3A5BE7675742}.Release|Any CPU.Build.0 = Release|Any CPU
	EndGlobalSection
	GlobalSection(SolutionProperties) = preSolution
		HideSolutionNode = FALSE
	EndGlobalSection
	GlobalSection(ExtensibilityGlobals) = postSolution
		SolutionGuid = {518A7472-ED1B-41D1-B5A0-596C189BF70C}
	EndGlobalSection
EndGlobal
